
Microsoft Visual Studio Solution File, Format Version 12.00
# Visual Studio Version 17
VisualStudioVersion = 17.0.31825.309
MinimumVisualStudioVersion = 10.0.40219.1
Project("{2150E333-8FDC-42A3-9474-1A3956D46DE8}") = "source", "source", "{C9607F95-0E77-42C1-B792-447F30990B28}"
EndProject
Project("{2150E333-8FDC-42A3-9474-1A3956D46DE8}") = "tests", "tests", "{A0635F03-92EB-46F5-8E7F-35E0AC2517E7}"
EndProject
Project("{2150E333-8FDC-42A3-9474-1A3956D46DE8}") = "build", "build", "{96FD07F0-FDFE-4A3A-84F5-86DD84D2EF8F}"
	ProjectSection(SolutionItems) = preProject
		.gitignore = .gitignore
		.github\workflows\ci.yml = .github\workflows\ci.yml
		LICENSE = LICENSE
		.github\workflows\publish.yml = .github\workflows\publish.yml
		README.md = README.md
	EndProjectSection
EndProject
Project("{FAE04EC0-301F-11D3-BF4B-00C04F79EFBC}") = "Emphasize", "source\Emphasize\Emphasize.csproj", "{84E90011-58E4-4943-A990-73AEB0769625}"
EndProject
Project("{FAE04EC0-301F-11D3-BF4B-00C04F79EFBC}") = "Emphasize.UnitTests", "tests\Emphasize.UnitTests\Emphasize.UnitTests.csproj", "{5BC36D02-298C-4AFE-A63E-FA08E876DC4D}"
EndProject
Global
	GlobalSection(SolutionConfigurationPlatforms) = preSolution
		Debug|Any CPU = Debug|Any CPU
		Release|Any CPU = Release|Any CPU
	EndGlobalSection
	GlobalSection(ProjectConfigurationPlatforms) = postSolution
		{84E90011-58E4-4943-A990-73AEB0769625}.Debug|Any CPU.ActiveCfg = Debug|Any CPU
		{84E90011-58E4-4943-A990-73AEB0769625}.Debug|Any CPU.Build.0 = Debug|Any CPU
		{84E90011-58E4-4943-A990-73AEB0769625}.Release|Any CPU.ActiveCfg = Release|Any CPU
		{84E90011-58E4-4943-A990-73AEB0769625}.Release|Any CPU.Build.0 = Release|Any CPU
		{5BC36D02-298C-4AFE-A63E-FA08E876DC4D}.Debug|Any CPU.ActiveCfg = Debug|Any CPU
		{5BC36D02-298C-4AFE-A63E-FA08E876DC4D}.Debug|Any CPU.Build.0 = Debug|Any CPU
		{5BC36D02-298C-4AFE-A63E-FA08E876DC4D}.Release|Any CPU.ActiveCfg = Release|Any CPU
		{5BC36D02-298C-4AFE-A63E-FA08E876DC4D}.Release|Any CPU.Build.0 = Release|Any CPU
	EndGlobalSection
	GlobalSection(SolutionProperties) = preSolution
		HideSolutionNode = FALSE
	EndGlobalSection
	GlobalSection(NestedProjects) = preSolution
		{84E90011-58E4-4943-A990-73AEB0769625} = {C9607F95-0E77-42C1-B792-447F30990B28}
		{5BC36D02-298C-4AFE-A63E-FA08E876DC4D} = {A0635F03-92EB-46F5-8E7F-35E0AC2517E7}
	EndGlobalSection
	GlobalSection(ExtensibilityGlobals) = postSolution
		SolutionGuid = {E360F4DB-93D9-4156-BC2F-F09618A35C92}
	EndGlobalSection
EndGlobal
